// !$*UTF8*$!
{
	archiveVersion = 1;
	classes = {
	};
	objectVersion = 50;
	objects = {

/* Begin PBXBuildFile section */
		E041C8542624254200ECBF76 /* MIBadgeButton.framework in Frameworks */ = {isa = PBXBuildFile; fileRef = E041C84A2624254200ECBF76 /* MIBadgeButton.framework */; };
		E041C8592624254200ECBF76 /* MIBadgeButtonTests.swift in Sources */ = {isa = PBXBuildFile; fileRef = E041C8582624254200ECBF76 /* MIBadgeButtonTests.swift */; };
		E041C85B2624254200ECBF76 /* MIBadgeButton.h in Headers */ = {isa = PBXBuildFile; fileRef = E041C84D2624254200ECBF76 /* MIBadgeButton.h */; settings = {ATTRIBUTES = (Public, ); }; };
		E041C86F2624265F00ECBF76 /* Classes in Resources */ = {isa = PBXBuildFile; fileRef = E041C86E2624265F00ECBF76 /* Classes */; };
/* End PBXBuildFile section */

/* Begin PBXContainerItemProxy section */
		E041C8552624254200ECBF76 /* PBXContainerItemProxy */ = {
			isa = PBXContainerItemProxy;
			containerPortal = E041C8412624254200ECBF76 /* Project object */;
			proxyType = 1;
			remoteGlobalIDString = E041C8492624254200ECBF76;
			remoteInfo = MIBadgeButton;
		};
/* End PBXContainerItemProxy section */

/* Begin PBXFileReference section */
		E041C84A2624254200ECBF76 /* MIBadgeButton.framework */ = {isa = PBXFileReference; explicitFileType = wrapper.framework; includeInIndex = 0; path = MIBadgeButton.framework; sourceTree = BUILT_PRODUCTS_DIR; };
		E041C84D2624254200ECBF76 /* MIBadgeButton.h */ = {isa = PBXFileReference; lastKnownFileType = sourcecode.c.h; path = MIBadgeButton.h; sourceTree = "<group>"; };
		E041C84E2624254200ECBF76 /* Info.plist */ = {isa = PBXFileReference; lastKnownFileType = text.plist.xml; path = Info.plist; sourceTree = "<group>"; };
		E041C8532624254200ECBF76 /* MIBadgeButtonTests.xctest */ = {isa = PBXFileReference; explicitFileType = wrapper.cfbundle; includeInIndex = 0; path = MIBadgeButtonTests.xctest; sourceTree = BUILT_PRODUCTS_DIR; };
		E041C8582624254200ECBF76 /* MIBadgeButtonTests.swift */ = {isa = PBXFileReference; lastKnownFileType = sourcecode.swift; path = MIBadgeButtonTests.swift; sourceTree = "<group>"; };
		E041C85A2624254200ECBF76 /* Info.plist */ = {isa = PBXFileReference; lastKnownFileType = text.plist.xml; path = Info.plist; sourceTree = "<group>"; };
		E041C86E2624265F00ECBF76 /* Classes */ = {isa = PBXFileReference; lastKnownFileType = folder; path = Classes; sourceTree = "<group>"; };
/* End PBXFileReference section */

/* Begin PBXFrameworksBuildPhase section */
		E041C8472624254200ECBF76 /* Frameworks */ = {
			isa = PBXFrameworksBuildPhase;
			buildActionMask = 2147483647;
			files = (
			);
			runOnlyForDeploymentPostprocessing = 0;
		};
		E041C8502624254200ECBF76 /* Frameworks */ = {
			isa = PBXFrameworksBuildPhase;
			buildActionMask = 2147483647;
			files = (
				E041C8542624254200ECBF76 /* MIBadgeButton.framework in Frameworks */,
			);
			runOnlyForDeploymentPostprocessing = 0;
		};
/* End PBXFrameworksBuildPhase section */

/* Begin PBXGroup section */
		E041C8402624254200ECBF76 = {
			isa = PBXGroup;
			children = (
				E041C86E2624265F00ECBF76 /* Classes */,
				E041C84C2624254200ECBF76 /* MIBadgeButton */,
				E041C8572624254200ECBF76 /* MIBadgeButtonTests */,
				E041C84B2624254200ECBF76 /* Products */,
			);
			sourceTree = "<group>";
		};
		E041C84B2624254200ECBF76 /* Products */ = {
			isa = PBXGroup;
			children = (
				E041C84A2624254200ECBF76 /* MIBadgeButton.framework */,
				E041C8532624254200ECBF76 /* MIBadgeButtonTests.xctest */,
			);
			name = Products;
			sourceTree = "<group>";
		};
		E041C84C2624254200ECBF76 /* MIBadgeButton */ = {
			isa = PBXGroup;
			children = (
				E041C84D2624254200ECBF76 /* MIBadgeButton.h */,
				E041C84E2624254200ECBF76 /* Info.plist */,
			);
			path = MIBadgeButton;
			sourceTree = "<group>";
		};
		E041C8572624254200ECBF76 /* MIBadgeButtonTests */ = {
			isa = PBXGroup;
			children = (
				E041C8582624254200ECBF76 /* MIBadgeButtonTests.swift */,
				E041C85A2624254200ECBF76 /* Info.plist */,
			);
			path = MIBadgeButtonTests;
			sourceTree = "<group>";
		};
/* End PBXGroup section */

/* Begin PBXHeadersBuildPhase section */
		E041C8452624254200ECBF76 /* Headers */ = {
			isa = PBXHeadersBuildPhase;
			buildActionMask = 2147483647;
			files = (
				E041C85B2624254200ECBF76 /* MIBadgeButton.h in Headers */,
			);
			runOnlyForDeploymentPostprocessing = 0;
		};
/* End PBXHeadersBuildPhase section */

/* Begin PBXNativeTarget section */
		E041C8492624254200ECBF76 /* MIBadgeButton */ = {
			isa = PBXNativeTarget;
			buildConfigurationList = E041C85E2624254200ECBF76 /* Build configuration list for PBXNativeTarget "MIBadgeButton" */;
			buildPhases = (
				E041C8452624254200ECBF76 /* Headers */,
				E041C8462624254200ECBF76 /* Sources */,
				E041C8472624254200ECBF76 /* Frameworks */,
				E041C8482624254200ECBF76 /* Resources */,
			);
			buildRules = (
			);
			dependencies = (
			);
			name = MIBadgeButton;
			productName = MIBadgeButton;
			productReference = E041C84A2624254200ECBF76 /* MIBadgeButton.framework */;
			productType = "com.apple.product-type.framework";
		};
		E041C8522624254200ECBF76 /* MIBadgeButtonTests */ = {
			isa = PBXNativeTarget;
			buildConfigurationList = E041C8612624254200ECBF76 /* Build configuration list for PBXNativeTarget "MIBadgeButtonTests" */;
			buildPhases = (
				E041C84F2624254200ECBF76 /* Sources */,
				E041C8502624254200ECBF76 /* Frameworks */,
				E041C8512624254200ECBF76 /* Resources */,
			);
			buildRules = (
			);
			dependencies = (
				E041C8562624254200ECBF76 /* PBXTargetDependency */,
			);
			name = MIBadgeButtonTests;
			productName = MIBadgeButtonTests;
			productReference = E041C8532624254200ECBF76 /* MIBadgeButtonTests.xctest */;
			productType = "com.apple.product-type.bundle.unit-test";
		};
/* End PBXNativeTarget section */

/* Begin PBXProject section */
		E041C8412624254200ECBF76 /* Project object */ = {
			isa = PBXProject;
			attributes = {
				LastSwiftUpdateCheck = 1240;
				LastUpgradeCheck = 1240;
				TargetAttributes = {
					E041C8492624254200ECBF76 = {
						CreatedOnToolsVersion = 12.4;
					};
					E041C8522624254200ECBF76 = {
						CreatedOnToolsVersion = 12.4;
					};
				};
			};
			buildConfigurationList = E041C8442624254200ECBF76 /* Build configuration list for PBXProject "MIBadgeButton" */;
			compatibilityVersion = "Xcode 9.3";
			developmentRegion = en;
			hasScannedForEncodings = 0;
			knownRegions = (
				en,
				Base,
			);
			mainGroup = E041C8402624254200ECBF76;
			productRefGroup = E041C84B2624254200ECBF76 /* Products */;
			projectDirPath = "";
			projectRoot = "";
			targets = (
				E041C8492624254200ECBF76 /* MIBadgeButton */,
				E041C8522624254200ECBF76 /* MIBadgeButtonTests */,
			);
		};
/* End PBXProject section */

/* Begin PBXResourcesBuildPhase section */
		E041C8482624254200ECBF76 /* Resources */ = {
			isa = PBXResourcesBuildPhase;
			buildActionMask = 2147483647;
			files = (
				E041C86F2624265F00ECBF76 /* Classes in Resources */,
			);
			runOnlyForDeploymentPostprocessing = 0;
		};
		E041C8512624254200ECBF76 /* Resources */ = {
			isa = PBXResourcesBuildPhase;
			buildActionMask = 2147483647;
			files = (
			);
			runOnlyForDeploymentPostprocessing = 0;
		};
/* End PBXResourcesBuildPhase section */

/* Begin PBXSourcesBuildPhase section */
		E041C8462624254200ECBF76 /* Sources */ = {
			isa = PBXSourcesBuildPhase;
			buildActionMask = 2147483647;
			files = (
			);
			runOnlyForDeploymentPostprocessing = 0;
		};
		E041C84F2624254200ECBF76 /* Sources */ = {
			isa = PBXSourcesBuildPhase;
			buildActionMask = 2147483647;
			files = (
				E041C8592624254200ECBF76 /* MIBadgeButtonTests.swift in Sources */,
			);
			runOnlyForDeploymentPostprocessing = 0;
		};
/* End PBXSourcesBuildPhase section */

/* Begin PBXTargetDependency section */
		E041C8562624254200ECBF76 /* PBXTargetDependency */ = {
			isa = PBXTargetDependency;
			target = E041C8492624254200ECBF76 /* MIBadgeButton */;
			targetProxy = E041C8552624254200ECBF76 /* PBXContainerItemProxy */;
		};
/* End PBXTargetDependency section */

/* Begin XCBuildConfiguration section */
		E041C85C2624254200ECBF76 /* Debug */ = {
			isa = XCBuildConfiguration;
			buildSettings = {
				ALWAYS_SEARCH_USER_PATHS = NO;
				CLANG_ANALYZER_NONNULL = YES;
				CLANG_ANALYZER_NUMBER_OBJECT_CONVERSION = YES_AGGRESSIVE;
				CLANG_CXX_LANGUAGE_STANDARD = "gnu++14";
				CLANG_CXX_LIBRARY = "libc++";
				CLANG_ENABLE_MODULES = YES;
				CLANG_ENABLE_OBJC_ARC = YES;
				CLANG_ENABLE_OBJC_WEAK = YES;
				CLANG_WARN_BLOCK_CAPTURE_AUTORELEASING = YES;
				CLANG_WARN_BOOL_CONVERSION = YES;
				CLANG_WARN_COMMA = YES;
				CLANG_WARN_CONSTANT_CONVERSION = YES;
				CLANG_WARN_DEPRECATED_OBJC_IMPLEMENTATIONS = YES;
				CLANG_WARN_DIRECT_OBJC_ISA_USAGE = YES_ERROR;
				CLANG_WARN_DOCUMENTATION_COMMENTS = YES;
				CLANG_WARN_EMPTY_BODY = YES;
				CLANG_WARN_ENUM_CONVERSION = YES;
				CLANG_WARN_INFINITE_RECURSION = YES;
				CLANG_WARN_INT_CONVERSION = YES;
				CLANG_WARN_NON_LITERAL_NULL_CONVERSION = YES;
				CLANG_WARN_OBJC_IMPLICIT_RETAIN_SELF = YES;
				CLANG_WARN_OBJC_LITERAL_CONVERSION = YES;
				CLANG_WARN_OBJC_ROOT_CLASS = YES_ERROR;
				CLANG_WARN_QUOTED_INCLUDE_IN_FRAMEWORK_HEADER = YES;
				CLANG_WARN_RANGE_LOOP_ANALYSIS = YES;
				CLANG_WARN_STRICT_PROTOTYPES = YES;
				CLANG_WARN_SUSPICIOUS_MOVE = YES;
				CLANG_WARN_UNGUARDED_AVAILABILITY = YES_AGGRESSIVE;
				CLANG_WARN_UNREACHABLE_CODE = YES;
				CLANG_WARN__DUPLICATE_METHOD_MATCH = YES;
				COPY_PHASE_STRIP = NO;
				CURRENT_PROJECT_VERSION = 1;
				DEBUG_INFORMATION_FORMAT = dwarf;
				ENABLE_STRICT_OBJC_MSGSEND = YES;
				ENABLE_TESTABILITY = YES;
				GCC_C_LANGUAGE_STANDARD = gnu11;
				GCC_DYNAMIC_NO_PIC = NO;
				GCC_NO_COMMON_BLOCKS = YES;
				GCC_OPTIMIZATION_LEVEL = 0;
				GCC_PREPROCESSOR_DEFINITIONS = (
					"DEBUG=1",
					"$(inherited)",
				);
				GCC_WARN_64_TO_32_BIT_CONVERSION = YES;
				GCC_WARN_ABOUT_RETURN_TYPE = YES_ERROR;
				GCC_WARN_UNDECLARED_SELECTOR = YES;
				GCC_WARN_UNINITIALIZED_AUTOS = YES_AGGRESSIVE;
				GCC_WARN_UNUSED_FUNCTION = YES;
				GCC_WARN_UNUSED_VARIABLE = YES;
				IPHONEOS_DEPLOYMENT_TARGET = 14.4;
				MTL_ENABLE_DEBUG_INFO = INCLUDE_SOURCE;
				MTL_FAST_MATH = YES;
				ONLY_ACTIVE_ARCH = YES;
				SDKROOT = iphoneos;
				SWIFT_ACTIVE_COMPILATION_CONDITIONS = DEBUG;
				SWIFT_OPTIMIZATION_LEVEL = "-Onone";
				VERSIONING_SYSTEM = "apple-generic";
				VERSION_INFO_PREFIX = "";
			};
			name = Debug;
		};
		E041C85D2624254200ECBF76 /* Release */ = {
			isa = XCBuildConfiguration;
			buildSettings = {
				ALWAYS_SEARCH_USER_PATHS = NO;
				CLANG_ANALYZER_NONNULL = YES;
				CLANG_ANALYZER_NUMBER_OBJECT_CONVERSION = YES_AGGRESSIVE;
				CLANG_CXX_LANGUAGE_STANDARD = "gnu++14";
				CLANG_CXX_LIBRARY = "libc++";
				CLANG_ENABLE_MODULES = YES;
				CLANG_ENABLE_OBJC_ARC = YES;
				CLANG_ENABLE_OBJC_WEAK = YES;
				CLANG_WARN_BLOCK_CAPTURE_AUTORELEASING = YES;
				CLANG_WARN_BOOL_CONVERSION = YES;
				CLANG_WARN_COMMA = YES;
				CLANG_WARN_CONSTANT_CONVERSION = YES;
				CLANG_WARN_DEPRECATED_OBJC_IMPLEMENTATIONS = YES;
				CLANG_WARN_DIRECT_OBJC_ISA_USAGE = YES_ERROR;
				CLANG_WARN_DOCUMENTATION_COMMENTS = YES;
				CLANG_WARN_EMPTY_BODY = YES;
				CLANG_WARN_ENUM_CONVERSION = YES;
				CLANG_WARN_INFINITE_RECURSION = YES;
				CLANG_WARN_INT_CONVERSION = YES;
				CLANG_WARN_NON_LITERAL_NULL_CONVERSION = YES;
				CLANG_WARN_OBJC_IMPLICIT_RETAIN_SELF = YES;
				CLANG_WARN_OBJC_LITERAL_CONVERSION = YES;
				CLANG_WARN_OBJC_ROOT_CLASS = YES_ERROR;
				CLANG_WARN_QUOTED_INCLUDE_IN_FRAMEWORK_HEADER = YES;
				CLANG_WARN_RANGE_LOOP_ANALYSIS = YES;
				CLANG_WARN_STRICT_PROTOTYPES = YES;
				CLANG_WARN_SUSPICIOUS_MOVE = YES;
				CLANG_WARN_UNGUARDED_AVAILABILITY = YES_AGGRESSIVE;
				CLANG_WARN_UNREACHABLE_CODE = YES;
				CLANG_WARN__DUPLICATE_METHOD_MATCH = YES;
				COPY_PHASE_STRIP = NO;
				CURRENT_PROJECT_VERSION = 1;
				DEBUG_INFORMATION_FORMAT = "dwarf-with-dsym";
				ENABLE_NS_ASSERTIONS = NO;
				ENABLE_STRICT_OBJC_MSGSEND = YES;
				GCC_C_LANGUAGE_STANDARD = gnu11;
				GCC_NO_COMMON_BLOCKS = YES;
				GCC_WARN_64_TO_32_BIT_CONVERSION = YES;
				GCC_WARN_ABOUT_RETURN_TYPE = YES_ERROR;
				GCC_WARN_UNDECLARED_SELECTOR = YES;
				GCC_WARN_UNINITIALIZED_AUTOS = YES_AGGRESSIVE;
				GCC_WARN_UNUSED_FUNCTION = YES;
				GCC_WARN_UNUSED_VARIABLE = YES;
				IPHONEOS_DEPLOYMENT_TARGET = 14.4;
				MTL_ENABLE_DEBUG_INFO = NO;
				MTL_FAST_MATH = YES;
				SDKROOT = iphoneos;
				SWIFT_COMPILATION_MODE = wholemodule;
				SWIFT_OPTIMIZATION_LEVEL = "-O";
				VALIDATE_PRODUCT = YES;
				VERSIONING_SYSTEM = "apple-generic";
				VERSION_INFO_PREFIX = "";
			};
			name = Release;
		};
		E041C85F2624254200ECBF76 /* Debug */ = {
			isa = XCBuildConfiguration;
			buildSettings = {
				CODE_SIGN_STYLE = Automatic;
				DEFINES_MODULE = YES;
				DEVELOPMENT_TEAM = ALK49AH4CV;
				DYLIB_COMPATIBILITY_VERSION = 1;
				DYLIB_CURRENT_VERSION = 1;
				DYLIB_INSTALL_NAME_BASE = "@rpath";
				INFOPLIST_FILE = MIBadgeButton/Info.plist;
				INSTALL_PATH = "$(LOCAL_LIBRARY_DIR)/Frameworks";
				LD_RUNPATH_SEARCH_PATHS = (
					"$(inherited)",
					"@executable_path/Frameworks",
					"@loader_path/Frameworks",
				);
				PRODUCT_BUNDLE_IDENTIFIER = com.YingLei.MIBadgeButton;
				PRODUCT_NAME = "$(TARGET_NAME:c99extidentifier)";
				SKIP_INSTALL = YES;
				SWIFT_VERSION = 5.0;
				TARGETED_DEVICE_FAMILY = "1,2";
			};
			name = Debug;
		};
		E041C8602624254200ECBF76 /* Release */ = {
			isa = XCBuildConfiguration;
			buildSettings = {
				CODE_SIGN_STYLE = Automatic;
				DEFINES_MODULE = YES;
				DEVELOPMENT_TEAM = ALK49AH4CV;
				DYLIB_COMPATIBILITY_VERSION = 1;
				DYLIB_CURRENT_VERSION = 1;
				DYLIB_INSTALL_NAME_BASE = "@rpath";
				INFOPLIST_FILE = MIBadgeButton/Info.plist;
				INSTALL_PATH = "$(LOCAL_LIBRARY_DIR)/Frameworks";
				LD_RUNPATH_SEARCH_PATHS = (
					"$(inherited)",
					"@executable_path/Frameworks",
					"@loader_path/Frameworks",
				);
				PRODUCT_BUNDLE_IDENTIFIER = com.YingLei.MIBadgeButton;
				PRODUCT_NAME = "$(TARGET_NAME:c99extidentifier)";
				SKIP_INSTALL = YES;
				SWIFT_VERSION = 5.0;
				TARGETED_DEVICE_FAMILY = "1,2";
			};
			name = Release;
		};
		E041C8622624254200ECBF76 /* Debug */ = {
			isa = XCBuildConfiguration;
			buildSettings = {
				CODE_SIGN_STYLE = Automatic;
				DEVELOPMENT_TEAM = ALK49AH4CV;
				INFOPLIST_FILE = MIBadgeButtonTests/Info.plist;
				LD_RUNPATH_SEARCH_PATHS = (
					"$(inherited)",
					"@executable_path/Frameworks",
					"@loader_path/Frameworks",
				);
				PRODUCT_BUNDLE_IDENTIFIER = com.YingLei.MIBadgeButtonTests;
				PRODUCT_NAME = "$(TARGET_NAME)";
				SWIFT_VERSION = 5.0;
				TARGETED_DEVICE_FAMILY = "1,2";
			};
			name = Debug;
		};
		E041C8632624254200ECBF76 /* Release */ = {
			isa = XCBuildConfiguration;
			buildSettings = {
				CODE_SIGN_STYLE = Automatic;
				DEVELOPMENT_TEAM = ALK49AH4CV;
				INFOPLIST_FILE = MIBadgeButtonTests/Info.plist;
				LD_RUNPATH_SEARCH_PATHS = (
					"$(inherited)",
					"@executable_path/Frameworks",
					"@loader_path/Frameworks",
				);
				PRODUCT_BUNDLE_IDENTIFIER = com.YingLei.MIBadgeButtonTests;
				PRODUCT_NAME = "$(TARGET_NAME)";
				SWIFT_VERSION = 5.0;
				TARGETED_DEVICE_FAMILY = "1,2";
			};
			name = Release;
		};
/* End XCBuildConfiguration section */

/* Begin XCConfigurationList section */
		E041C8442624254200ECBF76 /* Build configuration list for PBXProject "MIBadgeButton" */ = {
			isa = XCConfigurationList;
			buildConfigurations = (
				E041C85C2624254200ECBF76 /* Debug */,
				E041C85D2624254200ECBF76 /* Release */,
			);
			defaultConfigurationIsVisible = 0;
			defaultConfigurationName = Release;
		};
		E041C85E2624254200ECBF76 /* Build configuration list for PBXNativeTarget "MIBadgeButton" */ = {
			isa = XCConfigurationList;
			buildConfigurations = (
				E041C85F2624254200ECBF76 /* Debug */,
				E041C8602624254200ECBF76 /* Release */,
			);
			defaultConfigurationIsVisible = 0;
			defaultConfigurationName = Release;
		};
		E041C8612624254200ECBF76 /* Build configuration list for PBXNativeTarget "MIBadgeButtonTests" */ = {
			isa = XCConfigurationList;
			buildConfigurations = (
				E041C8622624254200ECBF76 /* Debug */,
				E041C8632624254200ECBF76 /* Release */,
			);
			defaultConfigurationIsVisible = 0;
			defaultConfigurationName = Release;
		};
/* End XCConfigurationList section */
	};
	rootObject = E041C8412624254200ECBF76 /* Project object */;
}
